
Microsoft Visual Studio Solution File, Format Version 12.00
# Visual Studio Version 16
VisualStudioVersion = 16.0.30611.23
MinimumVisualStudioVersion = 10.0.40219.1
Project("{FAE04EC0-301F-11D3-BF4B-00C04F79EFBC}") = "ASPLoginTest", "ASPLoginTest\ASPLoginTest.csproj", "{6B56C10F-AC4D-444E-A92D-7B6E9A07B0B3}"
EndProject
Global
	GlobalSection(SolutionConfigurationPlatforms) = preSolution
		Debug|Any CPU = Debug|Any CPU
		Release|Any CPU = Release|Any CPU
	EndGlobalSection
	GlobalSection(ProjectConfigurationPlatforms) = postSolution
		{6B56C10F-AC4D-444E-A92D-7B6E9A07B0B3}.Debug|Any CPU.ActiveCfg = Debug|Any CPU
		{6B56C10F-AC4D-444E-A92D-7B6E9A07B0B3}.Debug|Any CPU.Build.0 = Debug|Any CPU
		{6B56C10F-AC4D-444E-A92D-7B6E9A07B0B3}.Release|Any CPU.ActiveCfg = Release|Any CPU
		{6B56C10F-AC4D-444E-A92D-7B6E9A07B0B3}.Release|Any CPU.Build.0 = Release|Any CPU
	EndGlobalSection
	GlobalSection(SolutionProperties) = preSolution
		HideSolutionNode = FALSE
	EndGlobalSection
	GlobalSection(ExtensibilityGlobals) = postSolution
		SolutionGuid = {DE90F943-76C1-48D0-A529-BB53CAF03B61}
	EndGlobalSection
EndGlobal
